<?xml version="1.0" encoding="utf-8"?>
<Project ToolsVersion="4.0" xmlns="http://schemas.microsoft.com/developer/msbuild/2003">
  <ItemGroup>
    <Filter Include="Source Files">
      <UniqueIdentifier>{4FC737F1-C7A5-4376-A066-2A32D752A2FF}</UniqueIdentifier>
      <Extensions>cpp;c;cc;cxx;c++;cppm;ixx;def;odl;idl;hpj;bat;asm;asmx</Extensions>
    </Filter>
    <Filter Include="Header Files">
      <UniqueIdentifier>{93995380-89BD-4b04-88EB-625FBE52EBFB}</UniqueIdentifier>
      <Extensions>h;hh;hpp;hxx;h++;hm;inl;inc;ipp;xsd</Extensions>
    </Filter>
    <Filter Include="Resource Files">
      <UniqueIdentifier>{67DA6AB6-F800-4c08-8B7A-83BB121AAD01}</UniqueIdentifier>
      <Extensions>rc;ico;cur;bmp;dlg;rc2;rct;bin;rgs;gif;jpg;jpeg;jpe;resx;tiff;tif;png;wav;mfcribbon-ms</Extensions>
    </Filter>
    <Filter Include="Header Files\GUI">
      <UniqueIdentifier>{bbbc70f6-6ba3-4444-939e-99814f3453cc}</UniqueIdentifier>
    </Filter>
    <Filter Include="Source Files\GUI">
      <UniqueIdentifier>{be04634d-f1a3-4935-8215-d23b54afabc8}</UniqueIdentifier>
    </Filter>
    <Filter Include="Source Files\Dependencies">
      <UniqueIdentifier>{9bdf3c59-5d12-4327-b209-4b21c13c46ab}</UniqueIdentifier>
    </Filter>
    <Filter Include="Header Files\Dependencies">
      <UniqueIdentifier>{6520e20a-cb5d-4336-8d72-a7454046d94b}</UniqueIdentifier>
    </Filter>
  </ItemGroup>
  <ItemGroup>
    <ClInclude Include="ArchipelagoHandler.h">
      <Filter>Header Files</Filter>
    </ClInclude>
    <ClInclude Include="gui.h">
      <Filter>Header Files\GUI</Filter>
    </ClInclude>
    <ClInclude Include="LoggerWindow.h">
      <Filter>Header Files\GUI</Filter>
    </ClInclude>
    <ClInclude Include="LoginWindow.h">
      <Filter>Header Files\GUI</Filter>
    </ClInclude>
    <ClInclude Include="pch.h">
      <Filter>Header Files\Dependencies</Filter>
    </ClInclude>
    <ClInclude Include="framework.h">
      <Filter>Header Files\Dependencies</Filter>
    </ClInclude>
    <ClInclude Include="Window.h">
      <Filter>Header Files\GUI</Filter>
    </ClInclude>
    <ClInclude Include="GameHandler.h">
      <Filter>Header Files</Filter>
    </ClInclude>
    <ClInclude Include="SaveDataHandler.h">
      <Filter>Header Files</Filter>
    </ClInclude>
    <ClInclude Include="ItemHandler.h">
      <Filter>Header Files</Filter>
    </ClInclude>
    <ClInclude Include="CheckHandler.h">
      <Filter>Header Files</Filter>
    </ClInclude>
    <ClInclude Include="resource.h">
      <Filter>Header Files</Filter>
    </ClInclude>
    <ClInclude Include="TrackerWindow.h">
      <Filter>Header Files\GUI</Filter>
    </ClInclude>
    <ClInclude Include="TimeAttackHandler.h">
      <Filter>Header Files</Filter>
    </ClInclude>
    <ClInclude Include="InfoWindow.h">
      <Filter>Header Files\GUI</Filter>
    </ClInclude>
    <ClInclude Include="collectible_info.h">
      <Filter>Header Files\GUI</Filter>
    </ClInclude>
    <ClInclude Include="LocationHandler.h">
      <Filter>Header Files</Filter>
    </ClInclude>
    <ClInclude Include="MulTyHandler.h">
      <Filter>Header Files</Filter>
    </ClInclude>
    <ClInclude Include="stb_image.h">
      <Filter>Header Files\GUI</Filter>
    </ClInclude>
    <ClInclude Include="RobotoMedium.hpp">
      <Filter>Header Files</Filter>
    </ClInclude>
    <ClInclude Include="..\TygerFramework\TygerFramework\TygerFrameworkAPI.h">
      <Filter>Header Files\Dependencies</Filter>
    </ClInclude>
    <ClInclude Include="..\TygerFramework\TygerFramework\TygerFrameworkAPI.hpp">
      <Filter>Header Files\Dependencies</Filter>
    </ClInclude>
    <ClInclude Include="TyNumberFont.hpp">
      <Filter>Header Files</Filter>
    </ClInclude>
  </ItemGroup>
  <ItemGroup>
    <ClCompile Include="dllmain.cpp">
      <Filter>Source Files</Filter>
    </ClCompile>
    <ClCompile Include="ArchipelagoHandler.cpp">
      <Filter>Source Files</Filter>
    </ClCompile>
    <ClCompile Include="LoginWindow.cpp">
      <Filter>Source Files\GUI</Filter>
    </ClCompile>
    <ClCompile Include="LoggerWindow.cpp">
      <Filter>Source Files\GUI</Filter>
    </ClCompile>
    <ClCompile Include="gui.cpp">
      <Filter>Source Files\GUI</Filter>
    </ClCompile>
    <ClCompile Include="pch.cpp">
      <Filter>Source Files\Dependencies</Filter>
    </ClCompile>
    <ClCompile Include="GameHandler.cpp">
      <Filter>Source Files</Filter>
    </ClCompile>
    <ClCompile Include="SaveDataHandler.cpp">
      <Filter>Source Files</Filter>
    </ClCompile>
    <ClCompile Include="ItemHandler.cpp">
      <Filter>Source Files</Filter>
    </ClCompile>
    <ClCompile Include="CheckHandler.cpp">
      <Filter>Source Files</Filter>
    </ClCompile>
    <ClCompile Include="TrackerWindow.cpp">
      <Filter>Source Files\GUI</Filter>
    </ClCompile>
    <ClCompile Include="TimeAttackHandler.cpp">
      <Filter>Source Files</Filter>
    </ClCompile>
    <ClCompile Include="InfoWindow.cpp">
      <Filter>Source Files\GUI</Filter>
    </ClCompile>
    <ClCompile Include="LocationHandler.cpp">
      <Filter>Source Files</Filter>
    </ClCompile>
    <ClCompile Include="MulTyHandler.cpp">
      <Filter>Source Files</Filter>
    </ClCompile>
    <ClCompile Include="..\imgui\imgui.cpp">
      <Filter>Source Files\Dependencies</Filter>
    </ClCompile>
    <ClCompile Include="..\imgui\backends\imgui_impl_opengl3.cpp">
      <Filter>Source Files\Dependencies</Filter>
    </ClCompile>
    <ClCompile Include="..\imgui\backends\imgui_impl_win32.cpp">
      <Filter>Source Files\Dependencies</Filter>
    </ClCompile>
    <ClCompile Include="..\imgui\imgui_draw.cpp">
      <Filter>Source Files\Dependencies</Filter>
    </ClCompile>
    <ClCompile Include="..\imgui\imgui_tables.cpp">
      <Filter>Source Files\Dependencies</Filter>
    </ClCompile>
    <ClCompile Include="..\imgui\imgui_widgets.cpp">
      <Filter>Source Files\Dependencies</Filter>
    </ClCompile>
    <ClCompile Include="..\imgui\misc\cpp\imgui_stdlib.cpp">
      <Filter>Source Files\Dependencies</Filter>
    </ClCompile>
  </ItemGroup>
  <ItemGroup>
    <None Include="Source.def">
      <Filter>Source Files</Filter>
    </None>
    <None Include="D:\Ty\APIs\minhook\dll_resources\MinHook.def">
      <Filter>Source Files</Filter>
    </None>
    <None Include="README.md" />
  </ItemGroup>
  <ItemGroup>
    <ResourceCompile Include="Resource.rc">
      <Filter>Resource Files</Filter>
    </ResourceCompile>
  </ItemGroup>
  <ItemGroup>
    <Image Include="resource\Level.png">
      <Filter>Resource Files</Filter>
    </Image>
    <Image Include="resource\Stopwatch.png">
      <Filter>Resource Files</Filter>
    </Image>
    <Image Include="resource\Bilby.png">
      <Filter>Resource Files</Filter>
    </Image>
    <Image Include="resource\Cog.png">
      <Filter>Resource Files</Filter>
    </Image>
    <Image Include="resource\Rang.png">
      <Filter>Resource Files</Filter>
    </Image>
    <Image Include="resource\Talisman.png">
      <Filter>Resource Files</Filter>
    </Image>
    <Image Include="resource\TE.png">
      <Filter>Resource Files</Filter>
    </Image>
    <Image Include="..\..\..\..\Downloads\concept_transparent\aquarang.png">
      <Filter>Resource Files</Filter>
    </Image>
    <Image Include="..\..\..\..\Downloads\concept_transparent\boomerang.png">
      <Filter>Resource Files</Filter>
    </Image>
    <Image Include="..\..\..\..\Downloads\concept_transparent\chronorang.png">
      <Filter>Resource Files</Filter>
    </Image>
    <Image Include="..\..\..\..\Downloads\concept_transparent\doomerang.png">
      <Filter>Resource Files</Filter>
    </Image>
    <Image Include="..\..\..\..\Downloads\concept_transparent\flamerang.png">
      <Filter>Resource Files</Filter>
    </Image>
    <Image Include="..\..\..\..\Downloads\concept_transparent\frostyrang.png">
      <Filter>Resource Files</Filter>
    </Image>
    <Image Include="..\..\..\..\Downloads\concept_transparent\infrarang.png">
      <Filter>Resource Files</Filter>
    </Image>
    <Image Include="..\..\..\..\Downloads\concept_transparent\kaboomerang.png">
      <Filter>Resource Files</Filter>
    </Image>
    <Image Include="..\..\..\..\Downloads\concept_transparent\megarang.png">
      <Filter>Resource Files</Filter>
    </Image>
    <Image Include="..\..\..\..\Downloads\concept_transparent\multirang.png">
      <Filter>Resource Files</Filter>
    </Image>
    <Image Include="..\..\..\..\Downloads\concept_transparent\zappyrang.png">
      <Filter>Resource Files</Filter>
    </Image>
    <Image Include="..\..\..\..\Downloads\concept_transparent\zoomerang.png">
      <Filter>Resource Files</Filter>
    </Image>
    <Image Include="resource\aquarang.png">
      <Filter>Resource Files</Filter>
    </Image>
    <Image Include="resource\boomerang.png">
      <Filter>Resource Files</Filter>
    </Image>
    <Image Include="resource\chronorang.png">
      <Filter>Resource Files</Filter>
    </Image>
    <Image Include="resource\doomerang.png">
      <Filter>Resource Files</Filter>
    </Image>
    <Image Include="resource\flamerang.png">
      <Filter>Resource Files</Filter>
    </Image>
    <Image Include="resource\frostyrang.png">
      <Filter>Resource Files</Filter>
    </Image>
    <Image Include="resource\infrarang.png">
      <Filter>Resource Files</Filter>
    </Image>
    <Image Include="resource\kaboomerang.png">
      <Filter>Resource Files</Filter>
    </Image>
    <Image Include="resource\megarang.png">
      <Filter>Resource Files</Filter>
    </Image>
    <Image Include="resource\multirang.png">
      <Filter>Resource Files</Filter>
    </Image>
    <Image Include="resource\zappyrang.png">
      <Filter>Resource Files</Filter>
    </Image>
    <Image Include="resource\zoomerang.png">
      <Filter>Resource Files</Filter>
    </Image>
    <Image Include="resource\icon.png">
      <Filter>Resource Files</Filter>
    </Image>
  </ItemGroup>
</Project>